PODS:
  - FlutterMacOS (1.0.0)
  - super_data_transfer (0.0.1):
    - FlutterMacOS

DEPENDENCIES:
  - FlutterMacOS (from `Flutter/ephemeral`)
  - super_data_transfer (from `Flutter/ephemeral/.symlinks/plugins/super_data_transfer/macos`)

EXTERNAL SOURCES:
  FlutterMacOS:
    :path: Flutter/ephemeral
  super_data_transfer:
    :path: Flutter/ephemeral/.symlinks/plugins/super_data_transfer/macos

SPEC CHECKSUMS:
  FlutterMacOS: 57701585bf7de1b3fc2bb61f6378d73bbdea8424
  super_data_transfer: 3b458fbea98446ced7f2c87f8a83e567f6365a6f

PODFILE CHECKSUM: 6eac6b3292e5142cfc23bdeb71848a40ec51c14c

COCOAPODS: 1.11.3
