PODS:
  - FlutterMacOS (1.0.0)
  - super_native_extensions (0.0.1):
    - FlutterMacOS

DEPENDENCIES:
  - FlutterMacOS (from `Flutter/ephemeral`)
  - super_native_extensions (from `Flutter/ephemeral/.symlinks/plugins/super_native_extensions/macos`)

EXTERNAL SOURCES:
  FlutterMacOS:
    :path: Flutter/ephemeral
  super_native_extensions:
    :path: Flutter/ephemeral/.symlinks/plugins/super_native_extensions/macos

SPEC CHECKSUMS:
  FlutterMacOS: 85f90bfb3f1703249cf1539e4dfbff31e8584698
  super_native_extensions: 5d3cd46338fcbaf7eec8798f612e637ad1445e07

PODFILE CHECKSUM: a884f6dd3f7494f3892ee6c81feea3a3abbf9153

COCOAPODS: 1.11.3
