PODS:
  - FlutterMacOS (1.0.0)
  - ironbird_engine_context (0.0.1):
    - FlutterMacOS
  - super_native_extensions (0.0.1):
    - FlutterMacOS

DEPENDENCIES:
  - FlutterMacOS (from `Flutter/ephemeral`)
  - ironbird_engine_context (from `Flutter/ephemeral/.symlinks/plugins/ironbird_engine_context/macos`)
  - super_native_extensions (from `Flutter/ephemeral/.symlinks/plugins/super_native_extensions/macos`)

EXTERNAL SOURCES:
  FlutterMacOS:
    :path: Flutter/ephemeral
  ironbird_engine_context:
    :path: Flutter/ephemeral/.symlinks/plugins/ironbird_engine_context/macos
  super_native_extensions:
    :path: Flutter/ephemeral/.symlinks/plugins/super_native_extensions/macos

SPEC CHECKSUMS:
  FlutterMacOS: 85f90bfb3f1703249cf1539e4dfbff31e8584698
  ironbird_engine_context: 5258e37cb387542e9a4c8e425e4adea358c07b08
  super_native_extensions: 4325f59d4bf41d417ca9567420b37f278c71cd83

PODFILE CHECKSUM: a884f6dd3f7494f3892ee6c81feea3a3abbf9153

COCOAPODS: 1.11.3
